
Microsoft Visual Studio Solution File, Format Version 12.00
# Visual Studio 14
VisualStudioVersion = 14.0.25420.1
MinimumVisualStudioVersion = 10.0.40219.1
Project("{2150E333-8FDC-42A3-9474-1A3956D46DE8}") = "src", "src", "{38152ED6-8EC1-446D-8376-97735DE3EC2B}"
EndProject
Project("{2150E333-8FDC-42A3-9474-1A3956D46DE8}") = "Solution Items", "Solution Items", "{907F4294-9DC6-4514-A073-6BE78DA27751}"
	ProjectSection(SolutionItems) = preProject
		DOCKERFILE = DOCKERFILE
		global.json = global.json
	EndProjectSection
EndProject
Project("{8BB2217D-0F2D-49D1-97BC-3654ED321F3B}") = "QuoteFeed.Broker", "src\QuoteFeed.Broker\QuoteFeed.Broker.xproj", "{F2CA5ED1-78AA-4B9C-BA7D-DB7C9241E8DC}"
EndProject
Project("{8BB2217D-0F2D-49D1-97BC-3654ED321F3B}") = "QuoteFeed.Core", "src\QuoteFeed.Core\QuoteFeed.Core.xproj", "{A0ECED53-7626-43CE-AF57-AAC7363C720F}"
EndProject
Project("{2150E333-8FDC-42A3-9474-1A3956D46DE8}") = "test", "test", "{D0843F7B-0692-44D9-A608-EC7007C05C0F}"
EndProject
Project("{2150E333-8FDC-42A3-9474-1A3956D46DE8}") = "unit", "unit", "{9785A5D9-835A-464A-A5BD-75616886DFA9}"
EndProject
Project("{8BB2217D-0F2D-49D1-97BC-3654ED321F3B}") = "QuoteFeed.Core.Tests", "test\unit\QuoteFeed.Core.Tests\QuoteFeed.Core.Tests.xproj", "{D0BAAF5D-ADD2-444C-A3DF-E50A329ECBD6}"
EndProject
Project("{8BB2217D-0F2D-49D1-97BC-3654ED321F3B}") = "QuoteFeed.Broker.Tests", "test\unit\QuoteFeed.Broker.Tests\QuoteFeed.Broker.Tests.xproj", "{4276D08E-4E17-4034-867D-48A3FA76EC3D}"
EndProject
Global
	GlobalSection(SolutionConfigurationPlatforms) = preSolution
		Debug|Any CPU = Debug|Any CPU
		Release|Any CPU = Release|Any CPU
	EndGlobalSection
	GlobalSection(ProjectConfigurationPlatforms) = postSolution
		{F2CA5ED1-78AA-4B9C-BA7D-DB7C9241E8DC}.Debug|Any CPU.ActiveCfg = Debug|Any CPU
		{F2CA5ED1-78AA-4B9C-BA7D-DB7C9241E8DC}.Debug|Any CPU.Build.0 = Debug|Any CPU
		{F2CA5ED1-78AA-4B9C-BA7D-DB7C9241E8DC}.Release|Any CPU.ActiveCfg = Release|Any CPU
		{F2CA5ED1-78AA-4B9C-BA7D-DB7C9241E8DC}.Release|Any CPU.Build.0 = Release|Any CPU
		{A0ECED53-7626-43CE-AF57-AAC7363C720F}.Debug|Any CPU.ActiveCfg = Debug|Any CPU
		{A0ECED53-7626-43CE-AF57-AAC7363C720F}.Debug|Any CPU.Build.0 = Debug|Any CPU
		{A0ECED53-7626-43CE-AF57-AAC7363C720F}.Release|Any CPU.ActiveCfg = Release|Any CPU
		{A0ECED53-7626-43CE-AF57-AAC7363C720F}.Release|Any CPU.Build.0 = Release|Any CPU
		{D0BAAF5D-ADD2-444C-A3DF-E50A329ECBD6}.Debug|Any CPU.ActiveCfg = Debug|Any CPU
		{D0BAAF5D-ADD2-444C-A3DF-E50A329ECBD6}.Debug|Any CPU.Build.0 = Debug|Any CPU
		{D0BAAF5D-ADD2-444C-A3DF-E50A329ECBD6}.Release|Any CPU.ActiveCfg = Release|Any CPU
		{D0BAAF5D-ADD2-444C-A3DF-E50A329ECBD6}.Release|Any CPU.Build.0 = Release|Any CPU
		{4276D08E-4E17-4034-867D-48A3FA76EC3D}.Debug|Any CPU.ActiveCfg = Debug|Any CPU
		{4276D08E-4E17-4034-867D-48A3FA76EC3D}.Debug|Any CPU.Build.0 = Debug|Any CPU
		{4276D08E-4E17-4034-867D-48A3FA76EC3D}.Release|Any CPU.ActiveCfg = Release|Any CPU
		{4276D08E-4E17-4034-867D-48A3FA76EC3D}.Release|Any CPU.Build.0 = Release|Any CPU
	EndGlobalSection
	GlobalSection(SolutionProperties) = preSolution
		HideSolutionNode = FALSE
	EndGlobalSection
	GlobalSection(NestedProjects) = preSolution
		{F2CA5ED1-78AA-4B9C-BA7D-DB7C9241E8DC} = {38152ED6-8EC1-446D-8376-97735DE3EC2B}
		{A0ECED53-7626-43CE-AF57-AAC7363C720F} = {38152ED6-8EC1-446D-8376-97735DE3EC2B}
		{9785A5D9-835A-464A-A5BD-75616886DFA9} = {D0843F7B-0692-44D9-A608-EC7007C05C0F}
		{D0BAAF5D-ADD2-444C-A3DF-E50A329ECBD6} = {9785A5D9-835A-464A-A5BD-75616886DFA9}
		{4276D08E-4E17-4034-867D-48A3FA76EC3D} = {9785A5D9-835A-464A-A5BD-75616886DFA9}
	EndGlobalSection
EndGlobal
